// !$*UTF8*$!
{
	archiveVersion = 1;
	classes = {
	};
	objectVersion = 56;
	objects = {

/* Begin PBXBuildFile section */
		02F81AB529A5009900927EF2 /* WhiteBoardAppApp.swift in Sources */ = {isa = PBXBuildFile; fileRef = 02F81AB429A5009900927EF2 /* WhiteBoardAppApp.swift */; };
		02F81AB729A5009900927EF2 /* ContentView.swift in Sources */ = {isa = PBXBuildFile; fileRef = 02F81AB629A5009900927EF2 /* ContentView.swift */; };
		02F81AB929A5009A00927EF2 /* Assets.xcassets in Resources */ = {isa = PBXBuildFile; fileRef = 02F81AB829A5009A00927EF2 /* Assets.xcassets */; };
		02F81ABC29A5009A00927EF2 /* Preview Assets.xcassets in Resources */ = {isa = PBXBuildFile; fileRef = 02F81ABB29A5009A00927EF2 /* Preview Assets.xcassets */; };
		02F81AC329A5012700927EF2 /* PKCanvasRepresentationTextView.swift in Sources */ = {isa = PBXBuildFile; fileRef = 02F81AC229A5012700927EF2 /* PKCanvasRepresentationTextView.swift */; };
		02F81AC529A5014C00927EF2 /* ImagePicker.swift in Sources */ = {isa = PBXBuildFile; fileRef = 02F81AC429A5014C00927EF2 /* ImagePicker.swift */; };
		02F81AC729A5016600927EF2 /* DrawingOnImageScreen.swift in Sources */ = {isa = PBXBuildFile; fileRef = 02F81AC629A5016600927EF2 /* DrawingOnImageScreen.swift */; };
		02F81AC929A5017F00927EF2 /* DrawingViewModel.swift in Sources */ = {isa = PBXBuildFile; fileRef = 02F81AC829A5017F00927EF2 /* DrawingViewModel.swift */; };
/* End PBXBuildFile section */

/* Begin PBXFileReference section */
		02F81AB129A5009900927EF2 /* WhiteBoardApp.app */ = {isa = PBXFileReference; explicitFileType = wrapper.application; includeInIndex = 0; path = WhiteBoardApp.app; sourceTree = BUILT_PRODUCTS_DIR; };
		02F81AB429A5009900927EF2 /* WhiteBoardAppApp.swift */ = {isa = PBXFileReference; lastKnownFileType = sourcecode.swift; path = WhiteBoardAppApp.swift; sourceTree = "<group>"; };
		02F81AB629A5009900927EF2 /* ContentView.swift */ = {isa = PBXFileReference; lastKnownFileType = sourcecode.swift; path = ContentView.swift; sourceTree = "<group>"; };
		02F81AB829A5009A00927EF2 /* Assets.xcassets */ = {isa = PBXFileReference; lastKnownFileType = folder.assetcatalog; path = Assets.xcassets; sourceTree = "<group>"; };
		02F81ABB29A5009A00927EF2 /* Preview Assets.xcassets */ = {isa = PBXFileReference; lastKnownFileType = folder.assetcatalog; path = "Preview Assets.xcassets"; sourceTree = "<group>"; };
		02F81AC229A5012700927EF2 /* PKCanvasRepresentationTextView.swift */ = {isa = PBXFileReference; lastKnownFileType = sourcecode.swift; path = PKCanvasRepresentationTextView.swift; sourceTree = "<group>"; };
		02F81AC429A5014C00927EF2 /* ImagePicker.swift */ = {isa = PBXFileReference; lastKnownFileType = sourcecode.swift; path = ImagePicker.swift; sourceTree = "<group>"; };
		02F81AC629A5016600927EF2 /* DrawingOnImageScreen.swift */ = {isa = PBXFileReference; lastKnownFileType = sourcecode.swift; path = DrawingOnImageScreen.swift; sourceTree = "<group>"; };
		02F81AC829A5017F00927EF2 /* DrawingViewModel.swift */ = {isa = PBXFileReference; lastKnownFileType = sourcecode.swift; path = DrawingViewModel.swift; sourceTree = "<group>"; };
		02F81ACA29A501CA00927EF2 /* Info.plist */ = {isa = PBXFileReference; lastKnownFileType = text.plist; path = Info.plist; sourceTree = "<group>"; };
/* End PBXFileReference section */

/* Begin PBXFrameworksBuildPhase section */
		02F81AAE29A5009900927EF2 /* Frameworks */ = {
			isa = PBXFrameworksBuildPhase;
			buildActionMask = 2147483647;
			files = (
			);
			runOnlyForDeploymentPostprocessing = 0;
		};
/* End PBXFrameworksBuildPhase section */

/* Begin PBXGroup section */
		02F81AA829A5009900927EF2 = {
			isa = PBXGroup;
			children = (
				02F81AB329A5009900927EF2 /* WhiteBoardApp */,
				02F81AB229A5009900927EF2 /* Products */,
			);
			sourceTree = "<group>";
		};
		02F81AB229A5009900927EF2 /* Products */ = {
			isa = PBXGroup;
			children = (
				02F81AB129A5009900927EF2 /* WhiteBoardApp.app */,
			);
			name = Products;
			sourceTree = "<group>";
		};
		02F81AB329A5009900927EF2 /* WhiteBoardApp */ = {
			isa = PBXGroup;
			children = (
				02F81ACA29A501CA00927EF2 /* Info.plist */,
				02F81AB429A5009900927EF2 /* WhiteBoardAppApp.swift */,
				02F81AC829A5017F00927EF2 /* DrawingViewModel.swift */,
				02F81AC629A5016600927EF2 /* DrawingOnImageScreen.swift */,
				02F81AC429A5014C00927EF2 /* ImagePicker.swift */,
				02F81AC229A5012700927EF2 /* PKCanvasRepresentationTextView.swift */,
				02F81AB629A5009900927EF2 /* ContentView.swift */,
				02F81AB829A5009A00927EF2 /* Assets.xcassets */,
				02F81ABA29A5009A00927EF2 /* Preview Content */,
			);
			path = WhiteBoardApp;
			sourceTree = "<group>";
		};
		02F81ABA29A5009A00927EF2 /* Preview Content */ = {
			isa = PBXGroup;
			children = (
				02F81ABB29A5009A00927EF2 /* Preview Assets.xcassets */,
			);
			path = "Preview Content";
			sourceTree = "<group>";
		};
/* End PBXGroup section */

/* Begin PBXNativeTarget section */
		02F81AB029A5009900927EF2 /* WhiteBoardApp */ = {
			isa = PBXNativeTarget;
			buildConfigurationList = 02F81ABF29A5009A00927EF2 /* Build configuration list for PBXNativeTarget "WhiteBoardApp" */;
			buildPhases = (
				02F81AAD29A5009900927EF2 /* Sources */,
				02F81AAE29A5009900927EF2 /* Frameworks */,
				02F81AAF29A5009900927EF2 /* Resources */,
			);
			buildRules = (
			);
			dependencies = (
			);
			name = WhiteBoardApp;
			productName = WhiteBoardApp;
			productReference = 02F81AB129A5009900927EF2 /* WhiteBoardApp.app */;
			productType = "com.apple.product-type.application";
		};
/* End PBXNativeTarget section */

/* Begin PBXProject section */
		02F81AA929A5009900927EF2 /* Project object */ = {
			isa = PBXProject;
			attributes = {
				BuildIndependentTargetsInParallel = 1;
				LastSwiftUpdateCheck = 1400;
				LastUpgradeCheck = 1400;
				TargetAttributes = {
					02F81AB029A5009900927EF2 = {
						CreatedOnToolsVersion = 14.0;
					};
				};
			};
			buildConfigurationList = 02F81AAC29A5009900927EF2 /* Build configuration list for PBXProject "WhiteBoardApp" */;
			compatibilityVersion = "Xcode 14.0";
			developmentRegion = en;
			hasScannedForEncodings = 0;
			knownRegions = (
				en,
				Base,
			);
			mainGroup = 02F81AA829A5009900927EF2;
			productRefGroup = 02F81AB229A5009900927EF2 /* Products */;
			projectDirPath = "";
			projectRoot = "";
			targets = (
				02F81AB029A5009900927EF2 /* WhiteBoardApp */,
			);
		};
/* End PBXProject section */

/* Begin PBXResourcesBuildPhase section */
		02F81AAF29A5009900927EF2 /* Resources */ = {
			isa = PBXResourcesBuildPhase;
			buildActionMask = 2147483647;
			files = (
				02F81ABC29A5009A00927EF2 /* Preview Assets.xcassets in Resources */,
				02F81AB929A5009A00927EF2 /* Assets.xcassets in Resources */,
			);
			runOnlyForDeploymentPostprocessing = 0;
		};
/* End PBXResourcesBuildPhase section */

/* Begin PBXSourcesBuildPhase section */
		02F81AAD29A5009900927EF2 /* Sources */ = {
			isa = PBXSourcesBuildPhase;
			buildActionMask = 2147483647;
			files = (
				02F81AB729A5009900927EF2 /* ContentView.swift in Sources */,
				02F81AC529A5014C00927EF2 /* ImagePicker.swift in Sources */,
				02F81AC329A5012700927EF2 /* PKCanvasRepresentationTextView.swift in Sources */,
				02F81AC729A5016600927EF2 /* DrawingOnImageScreen.swift in Sources */,
				02F81AB529A5009900927EF2 /* WhiteBoardAppApp.swift in Sources */,
				02F81AC929A5017F00927EF2 /* DrawingViewModel.swift in Sources */,
			);
			runOnlyForDeploymentPostprocessing = 0;
		};
/* End PBXSourcesBuildPhase section */

/* Begin XCBuildConfiguration section */
		02F81ABD29A5009A00927EF2 /* Debug */ = {
			isa = XCBuildConfiguration;
			buildSettings = {
				ALWAYS_SEARCH_USER_PATHS = NO;
				CLANG_ANALYZER_NONNULL = YES;
				CLANG_ANALYZER_NUMBER_OBJECT_CONVERSION = YES_AGGRESSIVE;
				CLANG_CXX_LANGUAGE_STANDARD = "gnu++20";
				CLANG_ENABLE_MODULES = YES;
				CLANG_ENABLE_OBJC_ARC = YES;
				CLANG_ENABLE_OBJC_WEAK = YES;
				CLANG_WARN_BLOCK_CAPTURE_AUTORELEASING = YES;
				CLANG_WARN_BOOL_CONVERSION = YES;
				CLANG_WARN_COMMA = YES;
				CLANG_WARN_CONSTANT_CONVERSION = YES;
				CLANG_WARN_DEPRECATED_OBJC_IMPLEMENTATIONS = YES;
				CLANG_WARN_DIRECT_OBJC_ISA_USAGE = YES_ERROR;
				CLANG_WARN_DOCUMENTATION_COMMENTS = YES;
				CLANG_WARN_EMPTY_BODY = YES;
				CLANG_WARN_ENUM_CONVERSION = YES;
				CLANG_WARN_INFINITE_RECURSION = YES;
				CLANG_WARN_INT_CONVERSION = YES;
				CLANG_WARN_NON_LITERAL_NULL_CONVERSION = YES;
				CLANG_WARN_OBJC_IMPLICIT_RETAIN_SELF = YES;
				CLANG_WARN_OBJC_LITERAL_CONVERSION = YES;
				CLANG_WARN_OBJC_ROOT_CLASS = YES_ERROR;
				CLANG_WARN_QUOTED_INCLUDE_IN_FRAMEWORK_HEADER = YES;
				CLANG_WARN_RANGE_LOOP_ANALYSIS = YES;
				CLANG_WARN_STRICT_PROTOTYPES = YES;
				CLANG_WARN_SUSPICIOUS_MOVE = YES;
				CLANG_WARN_UNGUARDED_AVAILABILITY = YES_AGGRESSIVE;
				CLANG_WARN_UNREACHABLE_CODE = YES;
				CLANG_WARN__DUPLICATE_METHOD_MATCH = YES;
				COPY_PHASE_STRIP = NO;
				DEBUG_INFORMATION_FORMAT = dwarf;
				ENABLE_STRICT_OBJC_MSGSEND = YES;
				ENABLE_TESTABILITY = YES;
				GCC_C_LANGUAGE_STANDARD = gnu11;
				GCC_DYNAMIC_NO_PIC = NO;
				GCC_NO_COMMON_BLOCKS = YES;
				GCC_OPTIMIZATION_LEVEL = 0;
				GCC_PREPROCESSOR_DEFINITIONS = (
					"DEBUG=1",
					"$(inherited)",
				);
				GCC_WARN_64_TO_32_BIT_CONVERSION = YES;
				GCC_WARN_ABOUT_RETURN_TYPE = YES_ERROR;
				GCC_WARN_UNDECLARED_SELECTOR = YES;
				GCC_WARN_UNINITIALIZED_AUTOS = YES_AGGRESSIVE;
				GCC_WARN_UNUSED_FUNCTION = YES;
				GCC_WARN_UNUSED_VARIABLE = YES;
				IPHONEOS_DEPLOYMENT_TARGET = 16.0;
				MTL_ENABLE_DEBUG_INFO = INCLUDE_SOURCE;
				MTL_FAST_MATH = YES;
				ONLY_ACTIVE_ARCH = YES;
				SDKROOT = iphoneos;
				SWIFT_ACTIVE_COMPILATION_CONDITIONS = DEBUG;
				SWIFT_OPTIMIZATION_LEVEL = "-Onone";
			};
			name = Debug;
		};
		02F81ABE29A5009A00927EF2 /* Release */ = {
			isa = XCBuildConfiguration;
			buildSettings = {
				ALWAYS_SEARCH_USER_PATHS = NO;
				CLANG_ANALYZER_NONNULL = YES;
				CLANG_ANALYZER_NUMBER_OBJECT_CONVERSION = YES_AGGRESSIVE;
				CLANG_CXX_LANGUAGE_STANDARD = "gnu++20";
				CLANG_ENABLE_MODULES = YES;
				CLANG_ENABLE_OBJC_ARC = YES;
				CLANG_ENABLE_OBJC_WEAK = YES;
				CLANG_WARN_BLOCK_CAPTURE_AUTORELEASING = YES;
				CLANG_WARN_BOOL_CONVERSION = YES;
				CLANG_WARN_COMMA = YES;
				CLANG_WARN_CONSTANT_CONVERSION = YES;
				CLANG_WARN_DEPRECATED_OBJC_IMPLEMENTATIONS = YES;
				CLANG_WARN_DIRECT_OBJC_ISA_USAGE = YES_ERROR;
				CLANG_WARN_DOCUMENTATION_COMMENTS = YES;
				CLANG_WARN_EMPTY_BODY = YES;
				CLANG_WARN_ENUM_CONVERSION = YES;
				CLANG_WARN_INFINITE_RECURSION = YES;
				CLANG_WARN_INT_CONVERSION = YES;
				CLANG_WARN_NON_LITERAL_NULL_CONVERSION = YES;
				CLANG_WARN_OBJC_IMPLICIT_RETAIN_SELF = YES;
				CLANG_WARN_OBJC_LITERAL_CONVERSION = YES;
				CLANG_WARN_OBJC_ROOT_CLASS = YES_ERROR;
				CLANG_WARN_QUOTED_INCLUDE_IN_FRAMEWORK_HEADER = YES;
				CLANG_WARN_RANGE_LOOP_ANALYSIS = YES;
				CLANG_WARN_STRICT_PROTOTYPES = YES;
				CLANG_WARN_SUSPICIOUS_MOVE = YES;
				CLANG_WARN_UNGUARDED_AVAILABILITY = YES_AGGRESSIVE;
				CLANG_WARN_UNREACHABLE_CODE = YES;
				CLANG_WARN__DUPLICATE_METHOD_MATCH = YES;
				COPY_PHASE_STRIP = NO;
				DEBUG_INFORMATION_FORMAT = "dwarf-with-dsym";
				ENABLE_NS_ASSERTIONS = NO;
				ENABLE_STRICT_OBJC_MSGSEND = YES;
				GCC_C_LANGUAGE_STANDARD = gnu11;
				GCC_NO_COMMON_BLOCKS = YES;
				GCC_WARN_64_TO_32_BIT_CONVERSION = YES;
				GCC_WARN_ABOUT_RETURN_TYPE = YES_ERROR;
				GCC_WARN_UNDECLARED_SELECTOR = YES;
				GCC_WARN_UNINITIALIZED_AUTOS = YES_AGGRESSIVE;
				GCC_WARN_UNUSED_FUNCTION = YES;
				GCC_WARN_UNUSED_VARIABLE = YES;
				IPHONEOS_DEPLOYMENT_TARGET = 16.0;
				MTL_ENABLE_DEBUG_INFO = NO;
				MTL_FAST_MATH = YES;
				SDKROOT = iphoneos;
				SWIFT_COMPILATION_MODE = wholemodule;
				SWIFT_OPTIMIZATION_LEVEL = "-O";
				VALIDATE_PRODUCT = YES;
			};
			name = Release;
		};
		02F81AC029A5009A00927EF2 /* Debug */ = {
			isa = XCBuildConfiguration;
			buildSettings = {
				ASSETCATALOG_COMPILER_APPICON_NAME = AppIcon;
				ASSETCATALOG_COMPILER_GLOBAL_ACCENT_COLOR_NAME = AccentColor;
				CODE_SIGN_STYLE = Automatic;
				CURRENT_PROJECT_VERSION = 1;
				DEVELOPMENT_ASSET_PATHS = "\"WhiteBoardApp/Preview Content\"";
				DEVELOPMENT_TEAM = 3WF9PJ25X5;
				ENABLE_PREVIEWS = YES;
				GENERATE_INFOPLIST_FILE = YES;
				INFOPLIST_FILE = WhiteBoardApp/Info.plist;
				INFOPLIST_KEY_NSPhotoLibraryAddUsageDescription = "add photo";
				INFOPLIST_KEY_UIApplicationSceneManifest_Generation = YES;
				INFOPLIST_KEY_UIApplicationSupportsIndirectInputEvents = YES;
				INFOPLIST_KEY_UILaunchScreen_Generation = YES;
				INFOPLIST_KEY_UISupportedInterfaceOrientations_iPad = "UIInterfaceOrientationPortrait UIInterfaceOrientationPortraitUpsideDown UIInterfaceOrientationLandscapeLeft UIInterfaceOrientationLandscapeRight";
				INFOPLIST_KEY_UISupportedInterfaceOrientations_iPhone = "UIInterfaceOrientationPortrait UIInterfaceOrientationLandscapeLeft UIInterfaceOrientationLandscapeRight";
				LD_RUNPATH_SEARCH_PATHS = (
					"$(inherited)",
					"@executable_path/Frameworks",
				);
				MARKETING_VERSION = 1.0;
				PRODUCT_BUNDLE_IDENTIFIER = hiba.WhiteBoardApp;
				PRODUCT_NAME = "$(TARGET_NAME)";
				SWIFT_EMIT_LOC_STRINGS = YES;
				SWIFT_VERSION = 5.0;
				TARGETED_DEVICE_FAMILY = "1,2";
			};
			name = Debug;
		};
		02F81AC129A5009A00927EF2 /* Release */ = {
			isa = XCBuildConfiguration;
			buildSettings = {
				ASSETCATALOG_COMPILER_APPICON_NAME = AppIcon;
				ASSETCATALOG_COMPILER_GLOBAL_ACCENT_COLOR_NAME = AccentColor;
				CODE_SIGN_STYLE = Automatic;
				CURRENT_PROJECT_VERSION = 1;
				DEVELOPMENT_ASSET_PATHS = "\"WhiteBoardApp/Preview Content\"";
				DEVELOPMENT_TEAM = 3WF9PJ25X5;
				ENABLE_PREVIEWS = YES;
				GENERATE_INFOPLIST_FILE = YES;
				INFOPLIST_FILE = WhiteBoardApp/Info.plist;
				INFOPLIST_KEY_NSPhotoLibraryAddUsageDescription = "add photo";
				INFOPLIST_KEY_UIApplicationSceneManifest_Generation = YES;
				INFOPLIST_KEY_UIApplicationSupportsIndirectInputEvents = YES;
				INFOPLIST_KEY_UILaunchScreen_Generation = YES;
				INFOPLIST_KEY_UISupportedInterfaceOrientations_iPad = "UIInterfaceOrientationPortrait UIInterfaceOrientationPortraitUpsideDown UIInterfaceOrientationLandscapeLeft UIInterfaceOrientationLandscapeRight";
				INFOPLIST_KEY_UISupportedInterfaceOrientations_iPhone = "UIInterfaceOrientationPortrait UIInterfaceOrientationLandscapeLeft UIInterfaceOrientationLandscapeRight";
				LD_RUNPATH_SEARCH_PATHS = (
					"$(inherited)",
					"@executable_path/Frameworks",
				);
				MARKETING_VERSION = 1.0;
				PRODUCT_BUNDLE_IDENTIFIER = hiba.WhiteBoardApp;
				PRODUCT_NAME = "$(TARGET_NAME)";
				SWIFT_EMIT_LOC_STRINGS = YES;
				SWIFT_VERSION = 5.0;
				TARGETED_DEVICE_FAMILY = "1,2";
			};
			name = Release;
		};
/* End XCBuildConfiguration section */

/* Begin XCConfigurationList section */
		02F81AAC29A5009900927EF2 /* Build configuration list for PBXProject "WhiteBoardApp" */ = {
			isa = XCConfigurationList;
			buildConfigurations = (
				02F81ABD29A5009A00927EF2 /* Debug */,
				02F81ABE29A5009A00927EF2 /* Release */,
			);
			defaultConfigurationIsVisible = 0;
			defaultConfigurationName = Release;
		};
		02F81ABF29A5009A00927EF2 /* Build configuration list for PBXNativeTarget "WhiteBoardApp" */ = {
			isa = XCConfigurationList;
			buildConfigurations = (
				02F81AC029A5009A00927EF2 /* Debug */,
				02F81AC129A5009A00927EF2 /* Release */,
			);
			defaultConfigurationIsVisible = 0;
			defaultConfigurationName = Release;
		};
/* End XCConfigurationList section */
	};
	rootObject = 02F81AA929A5009900927EF2 /* Project object */;
}
